
Microsoft Visual Studio Solution File, Format Version 12.00
# Visual Studio 15
VisualStudioVersion = 15.0.27703.2000
MinimumVisualStudioVersion = 10.0.40219.1
Project("{FAE04EC0-301F-11D3-BF4B-00C04F79EFBC}") = "SimpleRESTServer", "SimpleRESTServer\SimpleRESTServer.csproj", "{EF07D5EF-CB29-4E06-9414-BDE10475791F}"
EndProject
Global
	GlobalSection(SolutionConfigurationPlatforms) = preSolution
		Debug|Any CPU = Debug|Any CPU
		Release|Any CPU = Release|Any CPU
	EndGlobalSection
	GlobalSection(ProjectConfigurationPlatforms) = postSolution
		{EF07D5EF-CB29-4E06-9414-BDE10475791F}.Debug|Any CPU.ActiveCfg = Debug|Any CPU
		{EF07D5EF-CB29-4E06-9414-BDE10475791F}.Debug|Any CPU.Build.0 = Debug|Any CPU
		{EF07D5EF-CB29-4E06-9414-BDE10475791F}.Release|Any CPU.ActiveCfg = Release|Any CPU
		{EF07D5EF-CB29-4E06-9414-BDE10475791F}.Release|Any CPU.Build.0 = Release|Any CPU
	EndGlobalSection
	GlobalSection(SolutionProperties) = preSolution
		HideSolutionNode = FALSE
	EndGlobalSection
	GlobalSection(ExtensibilityGlobals) = postSolution
		SolutionGuid = {ECB60554-5F12-4569-BC0E-2A862608FDDF}
	EndGlobalSection
EndGlobal
